
Microsoft Visual Studio Solution File, Format Version 12.00
# Visual Studio Version 17
VisualStudioVersion = 17.0.31903.59
MinimumVisualStudioVersion = 10.0.40219.1
Project("{FAE04EC0-301F-11D3-BF4B-00C04F79EFBC}") = "RESTfull.API", "RESTfull.API\RESTfull.API.csproj", "{735E2788-8014-47DD-9624-34D5749B349B}"
EndProject
Project("{FAE04EC0-301F-11D3-BF4B-00C04F79EFBC}") = "RESTfull.Domain", "RESTfull.Domain\RESTfull.Domain.csproj", "{EFE11817-5A27-4A04-BEDA-F87734BDCF47}"
EndProject
Project("{FAE04EC0-301F-11D3-BF4B-00C04F79EFBC}") = "RESTfull.Infrastructure", "RESTfull.Infrastructure\RESTfull.Infrastructure.csproj", "{3581CF08-CE1B-4A8B-9A45-924ABC364DA4}"
EndProject
Project("{FAE04EC0-301F-11D3-BF4B-00C04F79EFBC}") = "RESTfull.Infrastructure.Tests", "RESTfull.Infrastructure.Tests\RESTfull.Infrastructure.Tests.csproj", "{112D83F8-7983-4711-93EB-CCA5E57D5466}"
EndProject
Global
	GlobalSection(SolutionConfigurationPlatforms) = preSolution
		Debug|Any CPU = Debug|Any CPU
		Release|Any CPU = Release|Any CPU
	EndGlobalSection
	GlobalSection(SolutionProperties) = preSolution
		HideSolutionNode = FALSE
	EndGlobalSection
	GlobalSection(ProjectConfigurationPlatforms) = postSolution
		{735E2788-8014-47DD-9624-34D5749B349B}.Debug|Any CPU.ActiveCfg = Debug|Any CPU
		{735E2788-8014-47DD-9624-34D5749B349B}.Debug|Any CPU.Build.0 = Debug|Any CPU
		{735E2788-8014-47DD-9624-34D5749B349B}.Release|Any CPU.ActiveCfg = Release|Any CPU
		{735E2788-8014-47DD-9624-34D5749B349B}.Release|Any CPU.Build.0 = Release|Any CPU
		{EFE11817-5A27-4A04-BEDA-F87734BDCF47}.Debug|Any CPU.ActiveCfg = Debug|Any CPU
		{EFE11817-5A27-4A04-BEDA-F87734BDCF47}.Debug|Any CPU.Build.0 = Debug|Any CPU
		{EFE11817-5A27-4A04-BEDA-F87734BDCF47}.Release|Any CPU.ActiveCfg = Release|Any CPU
		{EFE11817-5A27-4A04-BEDA-F87734BDCF47}.Release|Any CPU.Build.0 = Release|Any CPU
		{3581CF08-CE1B-4A8B-9A45-924ABC364DA4}.Debug|Any CPU.ActiveCfg = Debug|Any CPU
		{3581CF08-CE1B-4A8B-9A45-924ABC364DA4}.Debug|Any CPU.Build.0 = Debug|Any CPU
		{3581CF08-CE1B-4A8B-9A45-924ABC364DA4}.Release|Any CPU.ActiveCfg = Release|Any CPU
		{3581CF08-CE1B-4A8B-9A45-924ABC364DA4}.Release|Any CPU.Build.0 = Release|Any CPU
		{112D83F8-7983-4711-93EB-CCA5E57D5466}.Debug|Any CPU.ActiveCfg = Debug|Any CPU
		{112D83F8-7983-4711-93EB-CCA5E57D5466}.Debug|Any CPU.Build.0 = Debug|Any CPU
		{112D83F8-7983-4711-93EB-CCA5E57D5466}.Release|Any CPU.ActiveCfg = Release|Any CPU
		{112D83F8-7983-4711-93EB-CCA5E57D5466}.Release|Any CPU.Build.0 = Release|Any CPU
	EndGlobalSection
EndGlobal
